
Microsoft Visual Studio Solution File, Format Version 12.00
# Visual Studio Version 17
VisualStudioVersion = 17.8.34330.188
MinimumVisualStudioVersion = 10.0.40219.1
Project("{FAE04EC0-301F-11D3-BF4B-00C04F79EFBC}") = "SQLEFTask", "SQLEFTask.csproj", "{D1559ABF-1838-4BF8-81FD-7A43D584B936}"
EndProject
Global
	GlobalSection(SolutionConfigurationPlatforms) = preSolution
		Debug|Any CPU = Debug|Any CPU
		Release|Any CPU = Release|Any CPU
	EndGlobalSection
	GlobalSection(ProjectConfigurationPlatforms) = postSolution
		{D1559ABF-1838-4BF8-81FD-7A43D584B936}.Debug|Any CPU.ActiveCfg = Debug|Any CPU
		{D1559ABF-1838-4BF8-81FD-7A43D584B936}.Debug|Any CPU.Build.0 = Debug|Any CPU
		{D1559ABF-1838-4BF8-81FD-7A43D584B936}.Release|Any CPU.ActiveCfg = Release|Any CPU
		{D1559ABF-1838-4BF8-81FD-7A43D584B936}.Release|Any CPU.Build.0 = Release|Any CPU
	EndGlobalSection
	GlobalSection(SolutionProperties) = preSolution
		HideSolutionNode = FALSE
	EndGlobalSection
	GlobalSection(ExtensibilityGlobals) = postSolution
		SolutionGuid = {753DEE92-9182-49B3-B040-DF9C3C6EEDE6}
	EndGlobalSection
EndGlobal
